
Microsoft Visual Studio Solution File, Format Version 12.00
# Visual Studio 15
VisualStudioVersion = 15.0.28010.2003
MinimumVisualStudioVersion = 10.0.40219.1
Project("{FAE04EC0-301F-11D3-BF4B-00C04F79EFBC}") = "hmwk for 3.27", "hmwk for 3.27\hmwk for 3.27.csproj", "{70F2C027-B8E7-4F50-B57B-1D351FD67DBF}"
EndProject
Project("{FAE04EC0-301F-11D3-BF4B-00C04F79EFBC}") = "Data", "Data\Data.csproj", "{B73794E5-7094-4F71-8C50-D34B3F2C0D4F}"
EndProject
Global
	GlobalSection(SolutionConfigurationPlatforms) = preSolution
		Debug|Any CPU = Debug|Any CPU
		Release|Any CPU = Release|Any CPU
	EndGlobalSection
	GlobalSection(ProjectConfigurationPlatforms) = postSolution
		{70F2C027-B8E7-4F50-B57B-1D351FD67DBF}.Debug|Any CPU.ActiveCfg = Debug|Any CPU
		{70F2C027-B8E7-4F50-B57B-1D351FD67DBF}.Debug|Any CPU.Build.0 = Debug|Any CPU
		{70F2C027-B8E7-4F50-B57B-1D351FD67DBF}.Release|Any CPU.ActiveCfg = Release|Any CPU
		{70F2C027-B8E7-4F50-B57B-1D351FD67DBF}.Release|Any CPU.Build.0 = Release|Any CPU
		{B73794E5-7094-4F71-8C50-D34B3F2C0D4F}.Debug|Any CPU.ActiveCfg = Debug|Any CPU
		{B73794E5-7094-4F71-8C50-D34B3F2C0D4F}.Debug|Any CPU.Build.0 = Debug|Any CPU
		{B73794E5-7094-4F71-8C50-D34B3F2C0D4F}.Release|Any CPU.ActiveCfg = Release|Any CPU
		{B73794E5-7094-4F71-8C50-D34B3F2C0D4F}.Release|Any CPU.Build.0 = Release|Any CPU
	EndGlobalSection
	GlobalSection(SolutionProperties) = preSolution
		HideSolutionNode = FALSE
	EndGlobalSection
	GlobalSection(ExtensibilityGlobals) = postSolution
		SolutionGuid = {9B446FAE-B263-4B69-8791-AA0552C213E8}
	EndGlobalSection
EndGlobal
